
Microsoft Visual Studio Solution File, Format Version 12.00
# Visual Studio Version 17
VisualStudioVersion = 17.13.35919.96
MinimumVisualStudioVersion = 10.0.40219.1
Project("{FAE04EC0-301F-11D3-BF4B-00C04F79EFBC}") = "AutoPost_Bot", "AutoPost_Bot\AutoPost_Bot.csproj", "{814D6B7E-B7B9-456E-8044-1E231B81E3ED}"
EndProject
Global
	GlobalSection(SolutionConfigurationPlatforms) = preSolution
		Debug|Any CPU = Debug|Any CPU
		Release|Any CPU = Release|Any CPU
	EndGlobalSection
	GlobalSection(ProjectConfigurationPlatforms) = postSolution
		{814D6B7E-B7B9-456E-8044-1E231B81E3ED}.Debug|Any CPU.ActiveCfg = Debug|Any CPU
		{814D6B7E-B7B9-456E-8044-1E231B81E3ED}.Debug|Any CPU.Build.0 = Debug|Any CPU
		{814D6B7E-B7B9-456E-8044-1E231B81E3ED}.Release|Any CPU.ActiveCfg = Release|Any CPU
		{814D6B7E-B7B9-456E-8044-1E231B81E3ED}.Release|Any CPU.Build.0 = Release|Any CPU
	EndGlobalSection
	GlobalSection(SolutionProperties) = preSolution
		HideSolutionNode = FALSE
	EndGlobalSection
	GlobalSection(ExtensibilityGlobals) = postSolution
		SolutionGuid = {86165483-BD11-4D8E-8D0C-D51C6E27B594}
	EndGlobalSection
EndGlobal
